// !$*UTF8*$!
{
	archiveVersion = 1;
	classes = {
	};
	objectVersion = 46;
	objects = {

/* Begin PBXBuildFile section */
		BFDD1D7E1D5ABDB7005F129A /* main.m in Sources */ = {isa = PBXBuildFile; fileRef = BFDD1D7D1D5ABDB7005F129A /* main.m */; };
		BFDD1D811D5ABDB7005F129A /* AppDelegate.m in Sources */ = {isa = PBXBuildFile; fileRef = BFDD1D801D5ABDB7005F129A /* AppDelegate.m */; };
		BFDD1D841D5ABDB7005F129A /* ViewController.m in Sources */ = {isa = PBXBuildFile; fileRef = BFDD1D831D5ABDB7005F129A /* ViewController.m */; };
		BFDD1D871D5ABDB7005F129A /* Main.storyboard in Resources */ = {isa = PBXBuildFile; fileRef = BFDD1D851D5ABDB7005F129A /* Main.storyboard */; };
		BFDD1D891D5ABDB7005F129A /* Assets.xcassets in Resources */ = {isa = PBXBuildFile; fileRef = BFDD1D881D5ABDB7005F129A /* Assets.xcassets */; };
		BFDD1D8C1D5ABDB7005F129A /* LaunchScreen.storyboard in Resources */ = {isa = PBXBuildFile; fileRef = BFDD1D8A1D5ABDB7005F129A /* LaunchScreen.storyboard */; };
		BFDD1D971D5ABDB8005F129A /* OCLearningTests.m in Sources */ = {isa = PBXBuildFile; fileRef = BFDD1D961D5ABDB8005F129A /* OCLearningTests.m */; };
		BFDD1DA21D5ABDB8005F129A /* OCLearningUITests.m in Sources */ = {isa = PBXBuildFile; fileRef = BFDD1DA11D5ABDB8005F129A /* OCLearningUITests.m */; };
/* End PBXBuildFile section */

/* Begin PBXContainerItemProxy section */
		BFDD1D931D5ABDB8005F129A /* PBXContainerItemProxy */ = {
			isa = PBXContainerItemProxy;
			containerPortal = BFDD1D711D5ABDB7005F129A /* Project object */;
			proxyType = 1;
			remoteGlobalIDString = BFDD1D781D5ABDB7005F129A;
			remoteInfo = OCLearning;
		};
		BFDD1D9E1D5ABDB8005F129A /* PBXContainerItemProxy */ = {
			isa = PBXContainerItemProxy;
			containerPortal = BFDD1D711D5ABDB7005F129A /* Project object */;
			proxyType = 1;
			remoteGlobalIDString = BFDD1D781D5ABDB7005F129A;
			remoteInfo = OCLearning;
		};
/* End PBXContainerItemProxy section */

/* Begin PBXFileReference section */
		BFDD1D791D5ABDB7005F129A /* OCLearning.app */ = {isa = PBXFileReference; explicitFileType = wrapper.application; includeInIndex = 0; path = OCLearning.app; sourceTree = BUILT_PRODUCTS_DIR; };
		BFDD1D7D1D5ABDB7005F129A /* main.m */ = {isa = PBXFileReference; lastKnownFileType = sourcecode.c.objc; path = main.m; sourceTree = "<group>"; };
		BFDD1D7F1D5ABDB7005F129A /* AppDelegate.h */ = {isa = PBXFileReference; lastKnownFileType = sourcecode.c.h; path = AppDelegate.h; sourceTree = "<group>"; };
		BFDD1D801D5ABDB7005F129A /* AppDelegate.m */ = {isa = PBXFileReference; lastKnownFileType = sourcecode.c.objc; path = AppDelegate.m; sourceTree = "<group>"; };
		BFDD1D821D5ABDB7005F129A /* ViewController.h */ = {isa = PBXFileReference; lastKnownFileType = sourcecode.c.h; path = ViewController.h; sourceTree = "<group>"; };
		BFDD1D831D5ABDB7005F129A /* ViewController.m */ = {isa = PBXFileReference; lastKnownFileType = sourcecode.c.objc; path = ViewController.m; sourceTree = "<group>"; };
		BFDD1D861D5ABDB7005F129A /* Base */ = {isa = PBXFileReference; lastKnownFileType = file.storyboard; name = Base; path = Base.lproj/Main.storyboard; sourceTree = "<group>"; };
		BFDD1D881D5ABDB7005F129A /* Assets.xcassets */ = {isa = PBXFileReference; lastKnownFileType = folder.assetcatalog; path = Assets.xcassets; sourceTree = "<group>"; };
		BFDD1D8B1D5ABDB7005F129A /* Base */ = {isa = PBXFileReference; lastKnownFileType = file.storyboard; name = Base; path = Base.lproj/LaunchScreen.storyboard; sourceTree = "<group>"; };
		BFDD1D8D1D5ABDB7005F129A /* Info.plist */ = {isa = PBXFileReference; lastKnownFileType = text.plist.xml; path = Info.plist; sourceTree = "<group>"; };
		BFDD1D921D5ABDB8005F129A /* OCLearningTests.xctest */ = {isa = PBXFileReference; explicitFileType = wrapper.cfbundle; includeInIndex = 0; path = OCLearningTests.xctest; sourceTree = BUILT_PRODUCTS_DIR; };
		BFDD1D961D5ABDB8005F129A /* OCLearningTests.m */ = {isa = PBXFileReference; lastKnownFileType = sourcecode.c.objc; path = OCLearningTests.m; sourceTree = "<group>"; };
		BFDD1D981D5ABDB8005F129A /* Info.plist */ = {isa = PBXFileReference; lastKnownFileType = text.plist.xml; path = Info.plist; sourceTree = "<group>"; };
		BFDD1D9D1D5ABDB8005F129A /* OCLearningUITests.xctest */ = {isa = PBXFileReference; explicitFileType = wrapper.cfbundle; includeInIndex = 0; path = OCLearningUITests.xctest; sourceTree = BUILT_PRODUCTS_DIR; };
		BFDD1DA11D5ABDB8005F129A /* OCLearningUITests.m */ = {isa = PBXFileReference; lastKnownFileType = sourcecode.c.objc; path = OCLearningUITests.m; sourceTree = "<group>"; };
		BFDD1DA31D5ABDB8005F129A /* Info.plist */ = {isa = PBXFileReference; lastKnownFileType = text.plist.xml; path = Info.plist; sourceTree = "<group>"; };
/* End PBXFileReference section */

/* Begin PBXFrameworksBuildPhase section */
		BFDD1D761D5ABDB7005F129A /* Frameworks */ = {
			isa = PBXFrameworksBuildPhase;
			buildActionMask = 2147483647;
			files = (
			);
			runOnlyForDeploymentPostprocessing = 0;
		};
		BFDD1D8F1D5ABDB8005F129A /* Frameworks */ = {
			isa = PBXFrameworksBuildPhase;
			buildActionMask = 2147483647;
			files = (
			);
			runOnlyForDeploymentPostprocessing = 0;
		};
		BFDD1D9A1D5ABDB8005F129A /* Frameworks */ = {
			isa = PBXFrameworksBuildPhase;
			buildActionMask = 2147483647;
			files = (
			);
			runOnlyForDeploymentPostprocessing = 0;
		};
/* End PBXFrameworksBuildPhase section */

/* Begin PBXGroup section */
		BFDD1D701D5ABDB7005F129A = {
			isa = PBXGroup;
			children = (
				BFDD1D7B1D5ABDB7005F129A /* OCLearning */,
				BFDD1D951D5ABDB8005F129A /* OCLearningTests */,
				BFDD1DA01D5ABDB8005F129A /* OCLearningUITests */,
				BFDD1D7A1D5ABDB7005F129A /* Products */,
			);
			sourceTree = "<group>";
		};
		BFDD1D7A1D5ABDB7005F129A /* Products */ = {
			isa = PBXGroup;
			children = (
				BFDD1D791D5ABDB7005F129A /* OCLearning.app */,
				BFDD1D921D5ABDB8005F129A /* OCLearningTests.xctest */,
				BFDD1D9D1D5ABDB8005F129A /* OCLearningUITests.xctest */,
			);
			name = Products;
			sourceTree = "<group>";
		};
		BFDD1D7B1D5ABDB7005F129A /* OCLearning */ = {
			isa = PBXGroup;
			children = (
				BFDD1D7F1D5ABDB7005F129A /* AppDelegate.h */,
				BFDD1D801D5ABDB7005F129A /* AppDelegate.m */,
				BFDD1D821D5ABDB7005F129A /* ViewController.h */,
				BFDD1D831D5ABDB7005F129A /* ViewController.m */,
				BFDD1D851D5ABDB7005F129A /* Main.storyboard */,
				BFDD1D881D5ABDB7005F129A /* Assets.xcassets */,
				BFDD1D8A1D5ABDB7005F129A /* LaunchScreen.storyboard */,
				BFDD1D8D1D5ABDB7005F129A /* Info.plist */,
				BFDD1D7C1D5ABDB7005F129A /* Supporting Files */,
			);
			path = OCLearning;
			sourceTree = "<group>";
		};
		BFDD1D7C1D5ABDB7005F129A /* Supporting Files */ = {
			isa = PBXGroup;
			children = (
				BFDD1D7D1D5ABDB7005F129A /* main.m */,
			);
			name = "Supporting Files";
			sourceTree = "<group>";
		};
		BFDD1D951D5ABDB8005F129A /* OCLearningTests */ = {
			isa = PBXGroup;
			children = (
				BFDD1D961D5ABDB8005F129A /* OCLearningTests.m */,
				BFDD1D981D5ABDB8005F129A /* Info.plist */,
			);
			path = OCLearningTests;
			sourceTree = "<group>";
		};
		BFDD1DA01D5ABDB8005F129A /* OCLearningUITests */ = {
			isa = PBXGroup;
			children = (
				BFDD1DA11D5ABDB8005F129A /* OCLearningUITests.m */,
				BFDD1DA31D5ABDB8005F129A /* Info.plist */,
			);
			path = OCLearningUITests;
			sourceTree = "<group>";
		};
/* End PBXGroup section */

/* Begin PBXNativeTarget section */
		BFDD1D781D5ABDB7005F129A /* OCLearning */ = {
			isa = PBXNativeTarget;
			buildConfigurationList = BFDD1DA61D5ABDB8005F129A /* Build configuration list for PBXNativeTarget "OCLearning" */;
			buildPhases = (
				BFDD1D751D5ABDB7005F129A /* Sources */,
				BFDD1D761D5ABDB7005F129A /* Frameworks */,
				BFDD1D771D5ABDB7005F129A /* Resources */,
			);
			buildRules = (
			);
			dependencies = (
			);
			name = OCLearning;
			productName = OCLearning;
			productReference = BFDD1D791D5ABDB7005F129A /* OCLearning.app */;
			productType = "com.apple.product-type.application";
		};
		BFDD1D911D5ABDB8005F129A /* OCLearningTests */ = {
			isa = PBXNativeTarget;
			buildConfigurationList = BFDD1DA91D5ABDB8005F129A /* Build configuration list for PBXNativeTarget "OCLearningTests" */;
			buildPhases = (
				BFDD1D8E1D5ABDB8005F129A /* Sources */,
				BFDD1D8F1D5ABDB8005F129A /* Frameworks */,
				BFDD1D901D5ABDB8005F129A /* Resources */,
			);
			buildRules = (
			);
			dependencies = (
				BFDD1D941D5ABDB8005F129A /* PBXTargetDependency */,
			);
			name = OCLearningTests;
			productName = OCLearningTests;
			productReference = BFDD1D921D5ABDB8005F129A /* OCLearningTests.xctest */;
			productType = "com.apple.product-type.bundle.unit-test";
		};
		BFDD1D9C1D5ABDB8005F129A /* OCLearningUITests */ = {
			isa = PBXNativeTarget;
			buildConfigurationList = BFDD1DAC1D5ABDB8005F129A /* Build configuration list for PBXNativeTarget "OCLearningUITests" */;
			buildPhases = (
				BFDD1D991D5ABDB8005F129A /* Sources */,
				BFDD1D9A1D5ABDB8005F129A /* Frameworks */,
				BFDD1D9B1D5ABDB8005F129A /* Resources */,
			);
			buildRules = (
			);
			dependencies = (
				BFDD1D9F1D5ABDB8005F129A /* PBXTargetDependency */,
			);
			name = OCLearningUITests;
			productName = OCLearningUITests;
			productReference = BFDD1D9D1D5ABDB8005F129A /* OCLearningUITests.xctest */;
			productType = "com.apple.product-type.bundle.ui-testing";
		};
/* End PBXNativeTarget section */

/* Begin PBXProject section */
		BFDD1D711D5ABDB7005F129A /* Project object */ = {
			isa = PBXProject;
			attributes = {
				LastUpgradeCheck = 0730;
				ORGANIZATIONNAME = antdlxding;
				TargetAttributes = {
					BFDD1D781D5ABDB7005F129A = {
						CreatedOnToolsVersion = 7.3.1;
					};
					BFDD1D911D5ABDB8005F129A = {
						CreatedOnToolsVersion = 7.3.1;
						TestTargetID = BFDD1D781D5ABDB7005F129A;
					};
					BFDD1D9C1D5ABDB8005F129A = {
						CreatedOnToolsVersion = 7.3.1;
						TestTargetID = BFDD1D781D5ABDB7005F129A;
					};
				};
			};
			buildConfigurationList = BFDD1D741D5ABDB7005F129A /* Build configuration list for PBXProject "OCLearning" */;
			compatibilityVersion = "Xcode 3.2";
			developmentRegion = English;
			hasScannedForEncodings = 0;
			knownRegions = (
				en,
				Base,
			);
			mainGroup = BFDD1D701D5ABDB7005F129A;
			productRefGroup = BFDD1D7A1D5ABDB7005F129A /* Products */;
			projectDirPath = "";
			projectRoot = "";
			targets = (
				BFDD1D781D5ABDB7005F129A /* OCLearning */,
				BFDD1D911D5ABDB8005F129A /* OCLearningTests */,
				BFDD1D9C1D5ABDB8005F129A /* OCLearningUITests */,
			);
		};
/* End PBXProject section */

/* Begin PBXResourcesBuildPhase section */
		BFDD1D771D5ABDB7005F129A /* Resources */ = {
			isa = PBXResourcesBuildPhase;
			buildActionMask = 2147483647;
			files = (
				BFDD1D8C1D5ABDB7005F129A /* LaunchScreen.storyboard in Resources */,
				BFDD1D891D5ABDB7005F129A /* Assets.xcassets in Resources */,
				BFDD1D871D5ABDB7005F129A /* Main.storyboard in Resources */,
			);
			runOnlyForDeploymentPostprocessing = 0;
		};
		BFDD1D901D5ABDB8005F129A /* Resources */ = {
			isa = PBXResourcesBuildPhase;
			buildActionMask = 2147483647;
			files = (
			);
			runOnlyForDeploymentPostprocessing = 0;
		};
		BFDD1D9B1D5ABDB8005F129A /* Resources */ = {
			isa = PBXResourcesBuildPhase;
			buildActionMask = 2147483647;
			files = (
			);
			runOnlyForDeploymentPostprocessing = 0;
		};
/* End PBXResourcesBuildPhase section */

/* Begin PBXSourcesBuildPhase section */
		BFDD1D751D5ABDB7005F129A /* Sources */ = {
			isa = PBXSourcesBuildPhase;
			buildActionMask = 2147483647;
			files = (
				BFDD1D841D5ABDB7005F129A /* ViewController.m in Sources */,
				BFDD1D811D5ABDB7005F129A /* AppDelegate.m in Sources */,
				BFDD1D7E1D5ABDB7005F129A /* main.m in Sources */,
			);
			runOnlyForDeploymentPostprocessing = 0;
		};
		BFDD1D8E1D5ABDB8005F129A /* Sources */ = {
			isa = PBXSourcesBuildPhase;
			buildActionMask = 2147483647;
			files = (
				BFDD1D971D5ABDB8005F129A /* OCLearningTests.m in Sources */,
			);
			runOnlyForDeploymentPostprocessing = 0;
		};
		BFDD1D991D5ABDB8005F129A /* Sources */ = {
			isa = PBXSourcesBuildPhase;
			buildActionMask = 2147483647;
			files = (
				BFDD1DA21D5ABDB8005F129A /* OCLearningUITests.m in Sources */,
			);
			runOnlyForDeploymentPostprocessing = 0;
		};
/* End PBXSourcesBuildPhase section */

/* Begin PBXTargetDependency section */
		BFDD1D941D5ABDB8005F129A /* PBXTargetDependency */ = {
			isa = PBXTargetDependency;
			target = BFDD1D781D5ABDB7005F129A /* OCLearning */;
			targetProxy = BFDD1D931D5ABDB8005F129A /* PBXContainerItemProxy */;
		};
		BFDD1D9F1D5ABDB8005F129A /* PBXTargetDependency */ = {
			isa = PBXTargetDependency;
			target = BFDD1D781D5ABDB7005F129A /* OCLearning */;
			targetProxy = BFDD1D9E1D5ABDB8005F129A /* PBXContainerItemProxy */;
		};
/* End PBXTargetDependency section */

/* Begin PBXVariantGroup section */
		BFDD1D851D5ABDB7005F129A /* Main.storyboard */ = {
			isa = PBXVariantGroup;
			children = (
				BFDD1D861D5ABDB7005F129A /* Base */,
			);
			name = Main.storyboard;
			sourceTree = "<group>";
		};
		BFDD1D8A1D5ABDB7005F129A /* LaunchScreen.storyboard */ = {
			isa = PBXVariantGroup;
			children = (
				BFDD1D8B1D5ABDB7005F129A /* Base */,
			);
			name = LaunchScreen.storyboard;
			sourceTree = "<group>";
		};
/* End PBXVariantGroup section */

/* Begin XCBuildConfiguration section */
		BFDD1DA41D5ABDB8005F129A /* Debug */ = {
			isa = XCBuildConfiguration;
			buildSettings = {
				ALWAYS_SEARCH_USER_PATHS = NO;
				CLANG_ANALYZER_NONNULL = YES;
				CLANG_CXX_LANGUAGE_STANDARD = "gnu++0x";
				CLANG_CXX_LIBRARY = "libc++";
				CLANG_ENABLE_MODULES = YES;
				CLANG_ENABLE_OBJC_ARC = YES;
				CLANG_WARN_BOOL_CONVERSION = YES;
				CLANG_WARN_CONSTANT_CONVERSION = YES;
				CLANG_WARN_DIRECT_OBJC_ISA_USAGE = YES_ERROR;
				CLANG_WARN_EMPTY_BODY = YES;
				CLANG_WARN_ENUM_CONVERSION = YES;
				CLANG_WARN_INT_CONVERSION = YES;
				CLANG_WARN_OBJC_ROOT_CLASS = YES_ERROR;
				CLANG_WARN_UNREACHABLE_CODE = YES;
				CLANG_WARN__DUPLICATE_METHOD_MATCH = YES;
				"CODE_SIGN_IDENTITY[sdk=iphoneos*]" = "iPhone Developer";
				COPY_PHASE_STRIP = NO;
				DEBUG_INFORMATION_FORMAT = dwarf;
				ENABLE_STRICT_OBJC_MSGSEND = YES;
				ENABLE_TESTABILITY = YES;
				GCC_C_LANGUAGE_STANDARD = gnu99;
				GCC_DYNAMIC_NO_PIC = NO;
				GCC_NO_COMMON_BLOCKS = YES;
				GCC_OPTIMIZATION_LEVEL = 0;
				GCC_PREPROCESSOR_DEFINITIONS = (
					"DEBUG=1",
					"$(inherited)",
				);
				GCC_WARN_64_TO_32_BIT_CONVERSION = YES;
				GCC_WARN_ABOUT_RETURN_TYPE = YES_ERROR;
				GCC_WARN_UNDECLARED_SELECTOR = YES;
				GCC_WARN_UNINITIALIZED_AUTOS = YES_AGGRESSIVE;
				GCC_WARN_UNUSED_FUNCTION = YES;
				GCC_WARN_UNUSED_VARIABLE = YES;
				IPHONEOS_DEPLOYMENT_TARGET = 9.3;
				MTL_ENABLE_DEBUG_INFO = YES;
				ONLY_ACTIVE_ARCH = YES;
				SDKROOT = iphoneos;
				TARGETED_DEVICE_FAMILY = "1,2";
			};
			name = Debug;
		};
		BFDD1DA51D5ABDB8005F129A /* Release */ = {
			isa = XCBuildConfiguration;
			buildSettings = {
				ALWAYS_SEARCH_USER_PATHS = NO;
				CLANG_ANALYZER_NONNULL = YES;
				CLANG_CXX_LANGUAGE_STANDARD = "gnu++0x";
				CLANG_CXX_LIBRARY = "libc++";
				CLANG_ENABLE_MODULES = YES;
				CLANG_ENABLE_OBJC_ARC = YES;
				CLANG_WARN_BOOL_CONVERSION = YES;
				CLANG_WARN_CONSTANT_CONVERSION = YES;
				CLANG_WARN_DIRECT_OBJC_ISA_USAGE = YES_ERROR;
				CLANG_WARN_EMPTY_BODY = YES;
				CLANG_WARN_ENUM_CONVERSION = YES;
				CLANG_WARN_INT_CONVERSION = YES;
				CLANG_WARN_OBJC_ROOT_CLASS = YES_ERROR;
				CLANG_WARN_UNREACHABLE_CODE = YES;
				CLANG_WARN__DUPLICATE_METHOD_MATCH = YES;
				"CODE_SIGN_IDENTITY[sdk=iphoneos*]" = "iPhone Developer";
				COPY_PHASE_STRIP = NO;
				DEBUG_INFORMATION_FORMAT = "dwarf-with-dsym";
				ENABLE_NS_ASSERTIONS = NO;
				ENABLE_STRICT_OBJC_MSGSEND = YES;
				GCC_C_LANGUAGE_STANDARD = gnu99;
				GCC_NO_COMMON_BLOCKS = YES;
				GCC_WARN_64_TO_32_BIT_CONVERSION = YES;
				GCC_WARN_ABOUT_RETURN_TYPE = YES_ERROR;
				GCC_WARN_UNDECLARED_SELECTOR = YES;
				GCC_WARN_UNINITIALIZED_AUTOS = YES_AGGRESSIVE;
				GCC_WARN_UNUSED_FUNCTION = YES;
				GCC_WARN_UNUSED_VARIABLE = YES;
				IPHONEOS_DEPLOYMENT_TARGET = 9.3;
				MTL_ENABLE_DEBUG_INFO = NO;
				SDKROOT = iphoneos;
				TARGETED_DEVICE_FAMILY = "1,2";
				VALIDATE_PRODUCT = YES;
			};
			name = Release;
		};
		BFDD1DA71D5ABDB8005F129A /* Debug */ = {
			isa = XCBuildConfiguration;
			buildSettings = {
				ASSETCATALOG_COMPILER_APPICON_NAME = AppIcon;
				INFOPLIST_FILE = OCLearning/Info.plist;
				LD_RUNPATH_SEARCH_PATHS = "$(inherited) @executable_path/Frameworks";
				PRODUCT_BUNDLE_IDENTIFIER = antdlx.OCLearning;
				PRODUCT_NAME = "$(TARGET_NAME)";
			};
			name = Debug;
		};
		BFDD1DA81D5ABDB8005F129A /* Release */ = {
			isa = XCBuildConfiguration;
			buildSettings = {
				ASSETCATALOG_COMPILER_APPICON_NAME = AppIcon;
				INFOPLIST_FILE = OCLearning/Info.plist;
				LD_RUNPATH_SEARCH_PATHS = "$(inherited) @executable_path/Frameworks";
				PRODUCT_BUNDLE_IDENTIFIER = antdlx.OCLearning;
				PRODUCT_NAME = "$(TARGET_NAME)";
			};
			name = Release;
		};
		BFDD1DAA1D5ABDB8005F129A /* Debug */ = {
			isa = XCBuildConfiguration;
			buildSettings = {
				BUNDLE_LOADER = "$(TEST_HOST)";
				INFOPLIST_FILE = OCLearningTests/Info.plist;
				LD_RUNPATH_SEARCH_PATHS = "$(inherited) @executable_path/Frameworks @loader_path/Frameworks";
				PRODUCT_BUNDLE_IDENTIFIER = antdlx.OCLearningTests;
				PRODUCT_NAME = "$(TARGET_NAME)";
				TEST_HOST = "$(BUILT_PRODUCTS_DIR)/OCLearning.app/OCLearning";
			};
			name = Debug;
		};
		BFDD1DAB1D5ABDB8005F129A /* Release */ = {
			isa = XCBuildConfiguration;
			buildSettings = {
				BUNDLE_LOADER = "$(TEST_HOST)";
				INFOPLIST_FILE = OCLearningTests/Info.plist;
				LD_RUNPATH_SEARCH_PATHS = "$(inherited) @executable_path/Frameworks @loader_path/Frameworks";
				PRODUCT_BUNDLE_IDENTIFIER = antdlx.OCLearningTests;
				PRODUCT_NAME = "$(TARGET_NAME)";
				TEST_HOST = "$(BUILT_PRODUCTS_DIR)/OCLearning.app/OCLearning";
			};
			name = Release;
		};
		BFDD1DAD1D5ABDB8005F129A /* Debug */ = {
			isa = XCBuildConfiguration;
			buildSettings = {
				INFOPLIST_FILE = OCLearningUITests/Info.plist;
				LD_RUNPATH_SEARCH_PATHS = "$(inherited) @executable_path/Frameworks @loader_path/Frameworks";
				PRODUCT_BUNDLE_IDENTIFIER = antdlx.OCLearningUITests;
				PRODUCT_NAME = "$(TARGET_NAME)";
				TEST_TARGET_NAME = OCLearning;
			};
			name = Debug;
		};
		BFDD1DAE1D5ABDB8005F129A /* Release */ = {
			isa = XCBuildConfiguration;
			buildSettings = {
				INFOPLIST_FILE = OCLearningUITests/Info.plist;
				LD_RUNPATH_SEARCH_PATHS = "$(inherited) @executable_path/Frameworks @loader_path/Frameworks";
				PRODUCT_BUNDLE_IDENTIFIER = antdlx.OCLearningUITests;
				PRODUCT_NAME = "$(TARGET_NAME)";
				TEST_TARGET_NAME = OCLearning;
			};
			name = Release;
		};
/* End XCBuildConfiguration section */

/* Begin XCConfigurationList section */
		BFDD1D741D5ABDB7005F129A /* Build configuration list for PBXProject "OCLearning" */ = {
			isa = XCConfigurationList;
			buildConfigurations = (
				BFDD1DA41D5ABDB8005F129A /* Debug */,
				BFDD1DA51D5ABDB8005F129A /* Release */,
			);
			defaultConfigurationIsVisible = 0;
			defaultConfigurationName = Release;
		};
		BFDD1DA61D5ABDB8005F129A /* Build configuration list for PBXNativeTarget "OCLearning" */ = {
			isa = XCConfigurationList;
			buildConfigurations = (
				BFDD1DA71D5ABDB8005F129A /* Debug */,
				BFDD1DA81D5ABDB8005F129A /* Release */,
			);
			defaultConfigurationIsVisible = 0;
		};
		BFDD1DA91D5ABDB8005F129A /* Build configuration list for PBXNativeTarget "OCLearningTests" */ = {
			isa = XCConfigurationList;
			buildConfigurations = (
				BFDD1DAA1D5ABDB8005F129A /* Debug */,
				BFDD1DAB1D5ABDB8005F129A /* Release */,
			);
			defaultConfigurationIsVisible = 0;
		};
		BFDD1DAC1D5ABDB8005F129A /* Build configuration list for PBXNativeTarget "OCLearningUITests" */ = {
			isa = XCConfigurationList;
			buildConfigurations = (
				BFDD1DAD1D5ABDB8005F129A /* Debug */,
				BFDD1DAE1D5ABDB8005F129A /* Release */,
			);
			defaultConfigurationIsVisible = 0;
		};
/* End XCConfigurationList section */
	};
	rootObject = BFDD1D711D5ABDB7005F129A /* Project object */;
}
